
Microsoft Visual Studio Solution File, Format Version 12.00
# Visual Studio Version 16
VisualStudioVersion = 16.0.30503.244
MinimumVisualStudioVersion = 10.0.40219.1
Project("{FAE04EC0-301F-11D3-BF4B-00C04F79EFBC}") = "Framework", "Framework.csproj", "{BE9D81FA-87B1-4BA7-8612-5C7C891860EE}"
EndProject
Global
	GlobalSection(SolutionConfigurationPlatforms) = preSolution
		Debug|Any CPU = Debug|Any CPU
		Release|Any CPU = Release|Any CPU
	EndGlobalSection
	GlobalSection(ProjectConfigurationPlatforms) = postSolution
		{BE9D81FA-87B1-4BA7-8612-5C7C891860EE}.Debug|Any CPU.ActiveCfg = Debug|Any CPU
		{BE9D81FA-87B1-4BA7-8612-5C7C891860EE}.Debug|Any CPU.Build.0 = Debug|Any CPU
		{BE9D81FA-87B1-4BA7-8612-5C7C891860EE}.Release|Any CPU.ActiveCfg = Release|Any CPU
		{BE9D81FA-87B1-4BA7-8612-5C7C891860EE}.Release|Any CPU.Build.0 = Release|Any CPU
	EndGlobalSection
	GlobalSection(SolutionProperties) = preSolution
		HideSolutionNode = FALSE
	EndGlobalSection
	GlobalSection(ExtensibilityGlobals) = postSolution
		SolutionGuid = {00851D46-3FD6-45E1-8F9F-6B30477F542F}
	EndGlobalSection
EndGlobal
